
Microsoft Visual Studio Solution File, Format Version 12.00
# Visual Studio Version 17
VisualStudioVersion = 17.5.002.0
MinimumVisualStudioVersion = 10.0.40219.1
Project("{9A19103F-16F7-4668-BE54-9A1E7A4F7556}") = "Lab9", "Lab9.csproj", "{F7066E00-8933-4FD9-A209-EDA7784726BA}"
EndProject
Global
	GlobalSection(SolutionConfigurationPlatforms) = preSolution
		Debug|Any CPU = Debug|Any CPU
		Release|Any CPU = Release|Any CPU
	EndGlobalSection
	GlobalSection(ProjectConfigurationPlatforms) = postSolution
		{F7066E00-8933-4FD9-A209-EDA7784726BA}.Debug|Any CPU.ActiveCfg = Debug|Any CPU
		{F7066E00-8933-4FD9-A209-EDA7784726BA}.Debug|Any CPU.Build.0 = Debug|Any CPU
		{F7066E00-8933-4FD9-A209-EDA7784726BA}.Release|Any CPU.ActiveCfg = Release|Any CPU
		{F7066E00-8933-4FD9-A209-EDA7784726BA}.Release|Any CPU.Build.0 = Release|Any CPU
	EndGlobalSection
	GlobalSection(SolutionProperties) = preSolution
		HideSolutionNode = FALSE
	EndGlobalSection
	GlobalSection(ExtensibilityGlobals) = postSolution
		SolutionGuid = {748C3796-BBAF-4BC6-B7EB-107E638EA11D}
	EndGlobalSection
EndGlobal
