
Microsoft Visual Studio Solution File, Format Version 12.00
# Visual Studio Version 17
VisualStudioVersion = 17.5.002.0
MinimumVisualStudioVersion = 10.0.40219.1
Project("{9A19103F-16F7-4668-BE54-9A1E7A4F7556}") = "Lab13_timphantulonnhatnhonhattrongm", "Lab13_timphantulonnhatnhonhattrongm.csproj", "{7360D211-DAEE-445D-B939-6959F747519C}"
EndProject
Global
	GlobalSection(SolutionConfigurationPlatforms) = preSolution
		Debug|Any CPU = Debug|Any CPU
		Release|Any CPU = Release|Any CPU
	EndGlobalSection
	GlobalSection(ProjectConfigurationPlatforms) = postSolution
		{7360D211-DAEE-445D-B939-6959F747519C}.Debug|Any CPU.ActiveCfg = Debug|Any CPU
		{7360D211-DAEE-445D-B939-6959F747519C}.Debug|Any CPU.Build.0 = Debug|Any CPU
		{7360D211-DAEE-445D-B939-6959F747519C}.Release|Any CPU.ActiveCfg = Release|Any CPU
		{7360D211-DAEE-445D-B939-6959F747519C}.Release|Any CPU.Build.0 = Release|Any CPU
	EndGlobalSection
	GlobalSection(SolutionProperties) = preSolution
		HideSolutionNode = FALSE
	EndGlobalSection
	GlobalSection(ExtensibilityGlobals) = postSolution
		SolutionGuid = {6EF07705-E0F3-46DA-8AD8-A33B014611B3}
	EndGlobalSection
EndGlobal
